
Microsoft Visual Studio Solution File, Format Version 12.00
# Visual Studio Version 16
VisualStudioVersion = 16.0.32602.291
MinimumVisualStudioVersion = 10.0.40219.1
Project("{FAE04EC0-301F-11D3-BF4B-00C04F79EFBC}") = "JenkinsApp", "JenkinsApp\JenkinsApp.csproj", "{6B9F1EF4-5FC6-4407-9593-89651B803213}"
EndProject
Global
	GlobalSection(SolutionConfigurationPlatforms) = preSolution
		Debug|Any CPU = Debug|Any CPU
		Release|Any CPU = Release|Any CPU
	EndGlobalSection
	GlobalSection(ProjectConfigurationPlatforms) = postSolution
		{6B9F1EF4-5FC6-4407-9593-89651B803213}.Debug|Any CPU.ActiveCfg = Debug|Any CPU
		{6B9F1EF4-5FC6-4407-9593-89651B803213}.Debug|Any CPU.Build.0 = Debug|Any CPU
		{6B9F1EF4-5FC6-4407-9593-89651B803213}.Release|Any CPU.ActiveCfg = Release|Any CPU
		{6B9F1EF4-5FC6-4407-9593-89651B803213}.Release|Any CPU.Build.0 = Release|Any CPU
	EndGlobalSection
	GlobalSection(SolutionProperties) = preSolution
		HideSolutionNode = FALSE
	EndGlobalSection
	GlobalSection(ExtensibilityGlobals) = postSolution
		SolutionGuid = {81B1D630-6B19-422F-800F-A80CBEAC52B8}
	EndGlobalSection
EndGlobal
